// !$*UTF8*$!
{
	archiveVersion = 1;
	classes = {
	};
	objectVersion = 56;
	objects = {

/* Begin PBXBuildFile section */
		711335792C453892001BF43F /* Lesson02.storyboard in Resources */ = {isa = PBXBuildFile; fileRef = 711335782C453892001BF43F /* Lesson02.storyboard */; };
		7113357B2C4538AF001BF43F /* Lesson02_root_ViewController.swift in Sources */ = {isa = PBXBuildFile; fileRef = 7113357A2C4538AF001BF43F /* Lesson02_root_ViewController.swift */; };
		7113357D2C453C2B001BF43F /* Lesson02_view2_ViewController.swift in Sources */ = {isa = PBXBuildFile; fileRef = 7113357C2C453C2B001BF43F /* Lesson02_view2_ViewController.swift */; };
		7113357F2C454462001BF43F /* Lwsson02_hideRootTab_ViewController.swift in Sources */ = {isa = PBXBuildFile; fileRef = 7113357E2C454462001BF43F /* Lwsson02_hideRootTab_ViewController.swift */; };
		711335822C492D18001BF43F /* Lesson03.storyboard in Resources */ = {isa = PBXBuildFile; fileRef = 711335812C492D18001BF43F /* Lesson03.storyboard */; };
		711335842C492D34001BF43F /* Lesson03_root_ViewController.swift in Sources */ = {isa = PBXBuildFile; fileRef = 711335832C492D34001BF43F /* Lesson03_root_ViewController.swift */; };
		711C15DE2C4A96A80056D3C7 /* Lesson033thViewController.swift in Sources */ = {isa = PBXBuildFile; fileRef = 711C15DD2C4A96A80056D3C7 /* Lesson033thViewController.swift */; };
		711C15E02C4A98FB0056D3C7 /* Lesson031stViewController.swift in Sources */ = {isa = PBXBuildFile; fileRef = 711C15DF2C4A98FB0056D3C7 /* Lesson031stViewController.swift */; };
		71D687812C3FFBB000263549 /* Lesson01.storyboard in Resources */ = {isa = PBXBuildFile; fileRef = 71D687802C3FFBB000263549 /* Lesson01.storyboard */; };
		71D687832C3FFBF900263549 /* Lesson01_root_ViewController.swift in Sources */ = {isa = PBXBuildFile; fileRef = 71D687822C3FFBF900263549 /* Lesson01_root_ViewController.swift */; };
		71F052BC2C2C6E4000B8285F /* AppDelegate.swift in Sources */ = {isa = PBXBuildFile; fileRef = 71F052BB2C2C6E4000B8285F /* AppDelegate.swift */; };
		71F052BE2C2C6E4000B8285F /* SceneDelegate.swift in Sources */ = {isa = PBXBuildFile; fileRef = 71F052BD2C2C6E4000B8285F /* SceneDelegate.swift */; };
		71F052C32C2C6E4000B8285F /* Main.storyboard in Resources */ = {isa = PBXBuildFile; fileRef = 71F052C12C2C6E4000B8285F /* Main.storyboard */; };
		71F052C52C2C6E4100B8285F /* Assets.xcassets in Resources */ = {isa = PBXBuildFile; fileRef = 71F052C42C2C6E4100B8285F /* Assets.xcassets */; };
		71F052C82C2C6E4100B8285F /* LaunchScreen.storyboard in Resources */ = {isa = PBXBuildFile; fileRef = 71F052C62C2C6E4100B8285F /* LaunchScreen.storyboard */; };
		71F052D32C2DBE8A00B8285F /* Lesson00.storyboard in Resources */ = {isa = PBXBuildFile; fileRef = 71F052D22C2DBE8A00B8285F /* Lesson00.storyboard */; };
		71F052D72C2DD1B300B8285F /* Classwork.storyboard in Resources */ = {isa = PBXBuildFile; fileRef = 71F052D62C2DD1B300B8285F /* Classwork.storyboard */; };
		71F052D92C2DD42E00B8285F /* MainViewController.swift in Sources */ = {isa = PBXBuildFile; fileRef = 71F052D82C2DD42E00B8285F /* MainViewController.swift */; };
		71F052DB2C2FF13F00B8285F /* ClassworkViewController.swift in Sources */ = {isa = PBXBuildFile; fileRef = 71F052DA2C2FF13F00B8285F /* ClassworkViewController.swift */; };
		71F052DD2C2FF4A300B8285F /* Assignment00.storyboard in Resources */ = {isa = PBXBuildFile; fileRef = 71F052DC2C2FF4A300B8285F /* Assignment00.storyboard */; };
		71F052DF2C2FF4B900B8285F /* Homework.storyboard in Resources */ = {isa = PBXBuildFile; fileRef = 71F052DE2C2FF4B900B8285F /* Homework.storyboard */; };
		71F052E12C2FF4E100B8285F /* HomeworkViewController.swift in Sources */ = {isa = PBXBuildFile; fileRef = 71F052E02C2FF4E100B8285F /* HomeworkViewController.swift */; };
		71F052E32C32F43400B8285F /* Assignment00_1ViewController.swift in Sources */ = {isa = PBXBuildFile; fileRef = 71F052E22C32F43400B8285F /* Assignment00_1ViewController.swift */; };
		71F052E52C32FBBB00B8285F /* Assignment00_2ViewController.swift in Sources */ = {isa = PBXBuildFile; fileRef = 71F052E42C32FBBB00B8285F /* Assignment00_2ViewController.swift */; };
/* End PBXBuildFile section */

/* Begin PBXFileReference section */
		711335782C453892001BF43F /* Lesson02.storyboard */ = {isa = PBXFileReference; lastKnownFileType = file.storyboard; path = Lesson02.storyboard; sourceTree = "<group>"; };
		7113357A2C4538AF001BF43F /* Lesson02_root_ViewController.swift */ = {isa = PBXFileReference; lastKnownFileType = sourcecode.swift; path = Lesson02_root_ViewController.swift; sourceTree = "<group>"; };
		7113357C2C453C2B001BF43F /* Lesson02_view2_ViewController.swift */ = {isa = PBXFileReference; lastKnownFileType = sourcecode.swift; path = Lesson02_view2_ViewController.swift; sourceTree = "<group>"; };
		7113357E2C454462001BF43F /* Lwsson02_hideRootTab_ViewController.swift */ = {isa = PBXFileReference; lastKnownFileType = sourcecode.swift; path = Lwsson02_hideRootTab_ViewController.swift; sourceTree = "<group>"; };
		711335812C492D18001BF43F /* Lesson03.storyboard */ = {isa = PBXFileReference; lastKnownFileType = file.storyboard; path = Lesson03.storyboard; sourceTree = "<group>"; };
		711335832C492D34001BF43F /* Lesson03_root_ViewController.swift */ = {isa = PBXFileReference; lastKnownFileType = sourcecode.swift; path = Lesson03_root_ViewController.swift; sourceTree = "<group>"; };
		711C15DD2C4A96A80056D3C7 /* Lesson033thViewController.swift */ = {isa = PBXFileReference; lastKnownFileType = sourcecode.swift; path = Lesson033thViewController.swift; sourceTree = "<group>"; };
		711C15DF2C4A98FB0056D3C7 /* Lesson031stViewController.swift */ = {isa = PBXFileReference; lastKnownFileType = sourcecode.swift; path = Lesson031stViewController.swift; sourceTree = "<group>"; };
		71D687802C3FFBB000263549 /* Lesson01.storyboard */ = {isa = PBXFileReference; lastKnownFileType = file.storyboard; path = Lesson01.storyboard; sourceTree = "<group>"; };
		71D687822C3FFBF900263549 /* Lesson01_root_ViewController.swift */ = {isa = PBXFileReference; lastKnownFileType = sourcecode.swift; path = Lesson01_root_ViewController.swift; sourceTree = "<group>"; };
		71F052B82C2C6E4000B8285F /* PPCourse.app */ = {isa = PBXFileReference; explicitFileType = wrapper.application; includeInIndex = 0; path = PPCourse.app; sourceTree = BUILT_PRODUCTS_DIR; };
		71F052BB2C2C6E4000B8285F /* AppDelegate.swift */ = {isa = PBXFileReference; lastKnownFileType = sourcecode.swift; path = AppDelegate.swift; sourceTree = "<group>"; };
		71F052BD2C2C6E4000B8285F /* SceneDelegate.swift */ = {isa = PBXFileReference; lastKnownFileType = sourcecode.swift; path = SceneDelegate.swift; sourceTree = "<group>"; };
		71F052C22C2C6E4000B8285F /* Base */ = {isa = PBXFileReference; lastKnownFileType = file.storyboard; name = Base; path = Base.lproj/Main.storyboard; sourceTree = "<group>"; };
		71F052C42C2C6E4100B8285F /* Assets.xcassets */ = {isa = PBXFileReference; lastKnownFileType = folder.assetcatalog; path = Assets.xcassets; sourceTree = "<group>"; };
		71F052C72C2C6E4100B8285F /* Base */ = {isa = PBXFileReference; lastKnownFileType = file.storyboard; name = Base; path = Base.lproj/LaunchScreen.storyboard; sourceTree = "<group>"; };
		71F052C92C2C6E4100B8285F /* Info.plist */ = {isa = PBXFileReference; lastKnownFileType = text.plist.xml; path = Info.plist; sourceTree = "<group>"; };
		71F052D22C2DBE8A00B8285F /* Lesson00.storyboard */ = {isa = PBXFileReference; lastKnownFileType = file.storyboard; path = Lesson00.storyboard; sourceTree = "<group>"; };
		71F052D62C2DD1B300B8285F /* Classwork.storyboard */ = {isa = PBXFileReference; lastKnownFileType = file.storyboard; path = Classwork.storyboard; sourceTree = "<group>"; };
		71F052D82C2DD42E00B8285F /* MainViewController.swift */ = {isa = PBXFileReference; lastKnownFileType = sourcecode.swift; path = MainViewController.swift; sourceTree = "<group>"; };
		71F052DA2C2FF13F00B8285F /* ClassworkViewController.swift */ = {isa = PBXFileReference; lastKnownFileType = sourcecode.swift; path = ClassworkViewController.swift; sourceTree = "<group>"; };
		71F052DC2C2FF4A300B8285F /* Assignment00.storyboard */ = {isa = PBXFileReference; lastKnownFileType = file.storyboard; path = Assignment00.storyboard; sourceTree = "<group>"; };
		71F052DE2C2FF4B900B8285F /* Homework.storyboard */ = {isa = PBXFileReference; lastKnownFileType = file.storyboard; path = Homework.storyboard; sourceTree = "<group>"; };
		71F052E02C2FF4E100B8285F /* HomeworkViewController.swift */ = {isa = PBXFileReference; lastKnownFileType = sourcecode.swift; path = HomeworkViewController.swift; sourceTree = "<group>"; };
		71F052E22C32F43400B8285F /* Assignment00_1ViewController.swift */ = {isa = PBXFileReference; lastKnownFileType = sourcecode.swift; path = Assignment00_1ViewController.swift; sourceTree = "<group>"; };
		71F052E42C32FBBB00B8285F /* Assignment00_2ViewController.swift */ = {isa = PBXFileReference; lastKnownFileType = sourcecode.swift; path = Assignment00_2ViewController.swift; sourceTree = "<group>"; };
/* End PBXFileReference section */

/* Begin PBXFrameworksBuildPhase section */
		71F052B52C2C6E4000B8285F /* Frameworks */ = {
			isa = PBXFrameworksBuildPhase;
			buildActionMask = 2147483647;
			files = (
			);
			runOnlyForDeploymentPostprocessing = 0;
		};
/* End PBXFrameworksBuildPhase section */

/* Begin PBXGroup section */
		711335772C45387C001BF43F /* Lesson02_navigationAndTabBar */ = {
			isa = PBXGroup;
			children = (
				711335782C453892001BF43F /* Lesson02.storyboard */,
				7113357A2C4538AF001BF43F /* Lesson02_root_ViewController.swift */,
				7113357C2C453C2B001BF43F /* Lesson02_view2_ViewController.swift */,
				7113357E2C454462001BF43F /* Lwsson02_hideRootTab_ViewController.swift */,
			);
			path = Lesson02_navigationAndTabBar;
			sourceTree = "<group>";
		};
		711335802C492CFB001BF43F /* Lesson03_UISupplementAndSwift */ = {
			isa = PBXGroup;
			children = (
				711335812C492D18001BF43F /* Lesson03.storyboard */,
				711335832C492D34001BF43F /* Lesson03_root_ViewController.swift */,
				711C15DD2C4A96A80056D3C7 /* Lesson033thViewController.swift */,
				711C15DF2C4A98FB0056D3C7 /* Lesson031stViewController.swift */,
			);
			path = Lesson03_UISupplementAndSwift;
			sourceTree = "<group>";
		};
		71D6877F2C3FF20D00263549 /* Lesson01_newProject */ = {
			isa = PBXGroup;
			children = (
				71D687802C3FFBB000263549 /* Lesson01.storyboard */,
				71D687822C3FFBF900263549 /* Lesson01_root_ViewController.swift */,
			);
			path = Lesson01_newProject;
			sourceTree = "<group>";
		};
		71F052AF2C2C6E4000B8285F = {
			isa = PBXGroup;
			children = (
				71F052BA2C2C6E4000B8285F /* PPCourse */,
				71F052B92C2C6E4000B8285F /* Products */,
			);
			sourceTree = "<group>";
		};
		71F052B92C2C6E4000B8285F /* Products */ = {
			isa = PBXGroup;
			children = (
				71F052B82C2C6E4000B8285F /* PPCourse.app */,
			);
			name = Products;
			sourceTree = "<group>";
		};
		71F052BA2C2C6E4000B8285F /* PPCourse */ = {
			isa = PBXGroup;
			children = (
				71F052D02C2C782100B8285F /* Homework */,
				71F052CF2C2C780D00B8285F /* Classwork */,
				71F052BB2C2C6E4000B8285F /* AppDelegate.swift */,
				71F052BD2C2C6E4000B8285F /* SceneDelegate.swift */,
				71F052D82C2DD42E00B8285F /* MainViewController.swift */,
				71F052C12C2C6E4000B8285F /* Main.storyboard */,
				71F052C42C2C6E4100B8285F /* Assets.xcassets */,
				71F052C62C2C6E4100B8285F /* LaunchScreen.storyboard */,
				71F052C92C2C6E4100B8285F /* Info.plist */,
			);
			path = PPCourse;
			sourceTree = "<group>";
		};
		71F052CF2C2C780D00B8285F /* Classwork */ = {
			isa = PBXGroup;
			children = (
				711335802C492CFB001BF43F /* Lesson03_UISupplementAndSwift */,
				711335772C45387C001BF43F /* Lesson02_navigationAndTabBar */,
				71D6877F2C3FF20D00263549 /* Lesson01_newProject */,
				71F052D12C2DBBD200B8285F /* Lesson00_base */,
				71F052D62C2DD1B300B8285F /* Classwork.storyboard */,
				71F052DA2C2FF13F00B8285F /* ClassworkViewController.swift */,
			);
			path = Classwork;
			sourceTree = "<group>";
		};
		71F052D02C2C782100B8285F /* Homework */ = {
			isa = PBXGroup;
			children = (
				71F052D52C2DD10000B8285F /* Assignment00_base */,
				71F052DE2C2FF4B900B8285F /* Homework.storyboard */,
				71F052E02C2FF4E100B8285F /* HomeworkViewController.swift */,
			);
			path = Homework;
			sourceTree = "<group>";
		};
		71F052D12C2DBBD200B8285F /* Lesson00_base */ = {
			isa = PBXGroup;
			children = (
				71F052D22C2DBE8A00B8285F /* Lesson00.storyboard */,
			);
			path = Lesson00_base;
			sourceTree = "<group>";
		};
		71F052D52C2DD10000B8285F /* Assignment00_base */ = {
			isa = PBXGroup;
			children = (
				71F052DC2C2FF4A300B8285F /* Assignment00.storyboard */,
				71F052E22C32F43400B8285F /* Assignment00_1ViewController.swift */,
				71F052E42C32FBBB00B8285F /* Assignment00_2ViewController.swift */,
			);
			path = Assignment00_base;
			sourceTree = "<group>";
		};
/* End PBXGroup section */

/* Begin PBXNativeTarget section */
		71F052B72C2C6E4000B8285F /* PPCourse */ = {
			isa = PBXNativeTarget;
			buildConfigurationList = 71F052CC2C2C6E4100B8285F /* Build configuration list for PBXNativeTarget "PPCourse" */;
			buildPhases = (
				71F052B42C2C6E4000B8285F /* Sources */,
				71F052B52C2C6E4000B8285F /* Frameworks */,
				71F052B62C2C6E4000B8285F /* Resources */,
			);
			buildRules = (
			);
			dependencies = (
			);
			name = PPCourse;
			productName = PPCourse;
			productReference = 71F052B82C2C6E4000B8285F /* PPCourse.app */;
			productType = "com.apple.product-type.application";
		};
/* End PBXNativeTarget section */

/* Begin PBXProject section */
		71F052B02C2C6E4000B8285F /* Project object */ = {
			isa = PBXProject;
			attributes = {
				BuildIndependentTargetsInParallel = 1;
				LastSwiftUpdateCheck = 1500;
				LastUpgradeCheck = 1500;
				TargetAttributes = {
					71F052B72C2C6E4000B8285F = {
						CreatedOnToolsVersion = 15.0.1;
					};
				};
			};
			buildConfigurationList = 71F052B32C2C6E4000B8285F /* Build configuration list for PBXProject "PPCourse" */;
			compatibilityVersion = "Xcode 14.0";
			developmentRegion = en;
			hasScannedForEncodings = 0;
			knownRegions = (
				en,
				Base,
			);
			mainGroup = 71F052AF2C2C6E4000B8285F;
			productRefGroup = 71F052B92C2C6E4000B8285F /* Products */;
			projectDirPath = "";
			projectRoot = "";
			targets = (
				71F052B72C2C6E4000B8285F /* PPCourse */,
			);
		};
/* End PBXProject section */

/* Begin PBXResourcesBuildPhase section */
		71F052B62C2C6E4000B8285F /* Resources */ = {
			isa = PBXResourcesBuildPhase;
			buildActionMask = 2147483647;
			files = (
				71F052C82C2C6E4100B8285F /* LaunchScreen.storyboard in Resources */,
				71F052C52C2C6E4100B8285F /* Assets.xcassets in Resources */,
				71F052D32C2DBE8A00B8285F /* Lesson00.storyboard in Resources */,
				71F052DD2C2FF4A300B8285F /* Assignment00.storyboard in Resources */,
				71F052DF2C2FF4B900B8285F /* Homework.storyboard in Resources */,
				711335792C453892001BF43F /* Lesson02.storyboard in Resources */,
				71F052D72C2DD1B300B8285F /* Classwork.storyboard in Resources */,
				71F052C32C2C6E4000B8285F /* Main.storyboard in Resources */,
				71D687812C3FFBB000263549 /* Lesson01.storyboard in Resources */,
				711335822C492D18001BF43F /* Lesson03.storyboard in Resources */,
			);
			runOnlyForDeploymentPostprocessing = 0;
		};
/* End PBXResourcesBuildPhase section */

/* Begin PBXSourcesBuildPhase section */
		71F052B42C2C6E4000B8285F /* Sources */ = {
			isa = PBXSourcesBuildPhase;
			buildActionMask = 2147483647;
			files = (
				71F052DB2C2FF13F00B8285F /* ClassworkViewController.swift in Sources */,
				711335842C492D34001BF43F /* Lesson03_root_ViewController.swift in Sources */,
				71F052D92C2DD42E00B8285F /* MainViewController.swift in Sources */,
				711C15DE2C4A96A80056D3C7 /* Lesson033thViewController.swift in Sources */,
				7113357D2C453C2B001BF43F /* Lesson02_view2_ViewController.swift in Sources */,
				7113357F2C454462001BF43F /* Lwsson02_hideRootTab_ViewController.swift in Sources */,
				711C15E02C4A98FB0056D3C7 /* Lesson031stViewController.swift in Sources */,
				71F052BC2C2C6E4000B8285F /* AppDelegate.swift in Sources */,
				71F052E12C2FF4E100B8285F /* HomeworkViewController.swift in Sources */,
				71F052E32C32F43400B8285F /* Assignment00_1ViewController.swift in Sources */,
				71F052BE2C2C6E4000B8285F /* SceneDelegate.swift in Sources */,
				71F052E52C32FBBB00B8285F /* Assignment00_2ViewController.swift in Sources */,
				71D687832C3FFBF900263549 /* Lesson01_root_ViewController.swift in Sources */,
				7113357B2C4538AF001BF43F /* Lesson02_root_ViewController.swift in Sources */,
			);
			runOnlyForDeploymentPostprocessing = 0;
		};
/* End PBXSourcesBuildPhase section */

/* Begin PBXVariantGroup section */
		71F052C12C2C6E4000B8285F /* Main.storyboard */ = {
			isa = PBXVariantGroup;
			children = (
				71F052C22C2C6E4000B8285F /* Base */,
			);
			name = Main.storyboard;
			sourceTree = "<group>";
		};
		71F052C62C2C6E4100B8285F /* LaunchScreen.storyboard */ = {
			isa = PBXVariantGroup;
			children = (
				71F052C72C2C6E4100B8285F /* Base */,
			);
			name = LaunchScreen.storyboard;
			sourceTree = "<group>";
		};
/* End PBXVariantGroup section */

/* Begin XCBuildConfiguration section */
		71F052CA2C2C6E4100B8285F /* Debug */ = {
			isa = XCBuildConfiguration;
			buildSettings = {
				ALWAYS_SEARCH_USER_PATHS = NO;
				ASSETCATALOG_COMPILER_GENERATE_SWIFT_ASSET_SYMBOL_EXTENSIONS = YES;
				CLANG_ANALYZER_NONNULL = YES;
				CLANG_ANALYZER_NUMBER_OBJECT_CONVERSION = YES_AGGRESSIVE;
				CLANG_CXX_LANGUAGE_STANDARD = "gnu++20";
				CLANG_ENABLE_MODULES = YES;
				CLANG_ENABLE_OBJC_ARC = YES;
				CLANG_ENABLE_OBJC_WEAK = YES;
				CLANG_WARN_BLOCK_CAPTURE_AUTORELEASING = YES;
				CLANG_WARN_BOOL_CONVERSION = YES;
				CLANG_WARN_COMMA = YES;
				CLANG_WARN_CONSTANT_CONVERSION = YES;
				CLANG_WARN_DEPRECATED_OBJC_IMPLEMENTATIONS = YES;
				CLANG_WARN_DIRECT_OBJC_ISA_USAGE = YES_ERROR;
				CLANG_WARN_DOCUMENTATION_COMMENTS = YES;
				CLANG_WARN_EMPTY_BODY = YES;
				CLANG_WARN_ENUM_CONVERSION = YES;
				CLANG_WARN_INFINITE_RECURSION = YES;
				CLANG_WARN_INT_CONVERSION = YES;
				CLANG_WARN_NON_LITERAL_NULL_CONVERSION = YES;
				CLANG_WARN_OBJC_IMPLICIT_RETAIN_SELF = YES;
				CLANG_WARN_OBJC_LITERAL_CONVERSION = YES;
				CLANG_WARN_OBJC_ROOT_CLASS = YES_ERROR;
				CLANG_WARN_QUOTED_INCLUDE_IN_FRAMEWORK_HEADER = YES;
				CLANG_WARN_RANGE_LOOP_ANALYSIS = YES;
				CLANG_WARN_STRICT_PROTOTYPES = YES;
				CLANG_WARN_SUSPICIOUS_MOVE = YES;
				CLANG_WARN_UNGUARDED_AVAILABILITY = YES_AGGRESSIVE;
				CLANG_WARN_UNREACHABLE_CODE = YES;
				CLANG_WARN__DUPLICATE_METHOD_MATCH = YES;
				COPY_PHASE_STRIP = NO;
				DEBUG_INFORMATION_FORMAT = dwarf;
				ENABLE_STRICT_OBJC_MSGSEND = YES;
				ENABLE_TESTABILITY = YES;
				ENABLE_USER_SCRIPT_SANDBOXING = YES;
				GCC_C_LANGUAGE_STANDARD = gnu17;
				GCC_DYNAMIC_NO_PIC = NO;
				GCC_NO_COMMON_BLOCKS = YES;
				GCC_OPTIMIZATION_LEVEL = 0;
				GCC_PREPROCESSOR_DEFINITIONS = (
					"DEBUG=1",
					"$(inherited)",
				);
				GCC_WARN_64_TO_32_BIT_CONVERSION = YES;
				GCC_WARN_ABOUT_RETURN_TYPE = YES_ERROR;
				GCC_WARN_UNDECLARED_SELECTOR = YES;
				GCC_WARN_UNINITIALIZED_AUTOS = YES_AGGRESSIVE;
				GCC_WARN_UNUSED_FUNCTION = YES;
				GCC_WARN_UNUSED_VARIABLE = YES;
				IPHONEOS_DEPLOYMENT_TARGET = 17.0;
				LOCALIZATION_PREFERS_STRING_CATALOGS = YES;
				MTL_ENABLE_DEBUG_INFO = INCLUDE_SOURCE;
				MTL_FAST_MATH = YES;
				ONLY_ACTIVE_ARCH = YES;
				SDKROOT = iphoneos;
				SWIFT_ACTIVE_COMPILATION_CONDITIONS = "DEBUG $(inherited)";
				SWIFT_OPTIMIZATION_LEVEL = "-Onone";
			};
			name = Debug;
		};
		71F052CB2C2C6E4100B8285F /* Release */ = {
			isa = XCBuildConfiguration;
			buildSettings = {
				ALWAYS_SEARCH_USER_PATHS = NO;
				ASSETCATALOG_COMPILER_GENERATE_SWIFT_ASSET_SYMBOL_EXTENSIONS = YES;
				CLANG_ANALYZER_NONNULL = YES;
				CLANG_ANALYZER_NUMBER_OBJECT_CONVERSION = YES_AGGRESSIVE;
				CLANG_CXX_LANGUAGE_STANDARD = "gnu++20";
				CLANG_ENABLE_MODULES = YES;
				CLANG_ENABLE_OBJC_ARC = YES;
				CLANG_ENABLE_OBJC_WEAK = YES;
				CLANG_WARN_BLOCK_CAPTURE_AUTORELEASING = YES;
				CLANG_WARN_BOOL_CONVERSION = YES;
				CLANG_WARN_COMMA = YES;
				CLANG_WARN_CONSTANT_CONVERSION = YES;
				CLANG_WARN_DEPRECATED_OBJC_IMPLEMENTATIONS = YES;
				CLANG_WARN_DIRECT_OBJC_ISA_USAGE = YES_ERROR;
				CLANG_WARN_DOCUMENTATION_COMMENTS = YES;
				CLANG_WARN_EMPTY_BODY = YES;
				CLANG_WARN_ENUM_CONVERSION = YES;
				CLANG_WARN_INFINITE_RECURSION = YES;
				CLANG_WARN_INT_CONVERSION = YES;
				CLANG_WARN_NON_LITERAL_NULL_CONVERSION = YES;
				CLANG_WARN_OBJC_IMPLICIT_RETAIN_SELF = YES;
				CLANG_WARN_OBJC_LITERAL_CONVERSION = YES;
				CLANG_WARN_OBJC_ROOT_CLASS = YES_ERROR;
				CLANG_WARN_QUOTED_INCLUDE_IN_FRAMEWORK_HEADER = YES;
				CLANG_WARN_RANGE_LOOP_ANALYSIS = YES;
				CLANG_WARN_STRICT_PROTOTYPES = YES;
				CLANG_WARN_SUSPICIOUS_MOVE = YES;
				CLANG_WARN_UNGUARDED_AVAILABILITY = YES_AGGRESSIVE;
				CLANG_WARN_UNREACHABLE_CODE = YES;
				CLANG_WARN__DUPLICATE_METHOD_MATCH = YES;
				COPY_PHASE_STRIP = NO;
				DEBUG_INFORMATION_FORMAT = "dwarf-with-dsym";
				ENABLE_NS_ASSERTIONS = NO;
				ENABLE_STRICT_OBJC_MSGSEND = YES;
				ENABLE_USER_SCRIPT_SANDBOXING = YES;
				GCC_C_LANGUAGE_STANDARD = gnu17;
				GCC_NO_COMMON_BLOCKS = YES;
				GCC_WARN_64_TO_32_BIT_CONVERSION = YES;
				GCC_WARN_ABOUT_RETURN_TYPE = YES_ERROR;
				GCC_WARN_UNDECLARED_SELECTOR = YES;
				GCC_WARN_UNINITIALIZED_AUTOS = YES_AGGRESSIVE;
				GCC_WARN_UNUSED_FUNCTION = YES;
				GCC_WARN_UNUSED_VARIABLE = YES;
				IPHONEOS_DEPLOYMENT_TARGET = 17.0;
				LOCALIZATION_PREFERS_STRING_CATALOGS = YES;
				MTL_ENABLE_DEBUG_INFO = NO;
				MTL_FAST_MATH = YES;
				SDKROOT = iphoneos;
				SWIFT_COMPILATION_MODE = wholemodule;
				VALIDATE_PRODUCT = YES;
			};
			name = Release;
		};
		71F052CD2C2C6E4100B8285F /* Debug */ = {
			isa = XCBuildConfiguration;
			buildSettings = {
				ASSETCATALOG_COMPILER_APPICON_NAME = AppIcon;
				ASSETCATALOG_COMPILER_GLOBAL_ACCENT_COLOR_NAME = AccentColor;
				CODE_SIGN_IDENTITY = "Apple Development";
				CODE_SIGN_STYLE = Automatic;
				CURRENT_PROJECT_VERSION = 1;
				DEVELOPMENT_TEAM = Z3D9SGCR2Q;
				GENERATE_INFOPLIST_FILE = YES;
				INFOPLIST_FILE = PPCourse/Info.plist;
				INFOPLIST_KEY_UIApplicationSupportsIndirectInputEvents = YES;
				INFOPLIST_KEY_UILaunchStoryboardName = LaunchScreen;
				INFOPLIST_KEY_UIMainStoryboardFile = Main;
				INFOPLIST_KEY_UISupportedInterfaceOrientations_iPad = "UIInterfaceOrientationPortrait UIInterfaceOrientationPortraitUpsideDown UIInterfaceOrientationLandscapeLeft UIInterfaceOrientationLandscapeRight";
				INFOPLIST_KEY_UISupportedInterfaceOrientations_iPhone = "UIInterfaceOrientationPortrait UIInterfaceOrientationLandscapeLeft UIInterfaceOrientationLandscapeRight";
				IPHONEOS_DEPLOYMENT_TARGET = 14.3;
				LD_RUNPATH_SEARCH_PATHS = (
					"$(inherited)",
					"@executable_path/Frameworks",
				);
				MARKETING_VERSION = 1.0;
				PRODUCT_BUNDLE_IDENTIFIER = com.ray.PPCourse;
				PRODUCT_NAME = "$(TARGET_NAME)";
				PROVISIONING_PROFILE_SPECIFIER = "";
				SWIFT_EMIT_LOC_STRINGS = YES;
				SWIFT_VERSION = 5.0;
				TARGETED_DEVICE_FAMILY = "1,2";
			};
			name = Debug;
		};
		71F052CE2C2C6E4100B8285F /* Release */ = {
			isa = XCBuildConfiguration;
			buildSettings = {
				ASSETCATALOG_COMPILER_APPICON_NAME = AppIcon;
				ASSETCATALOG_COMPILER_GLOBAL_ACCENT_COLOR_NAME = AccentColor;
				CODE_SIGN_IDENTITY = "Apple Development";
				CODE_SIGN_STYLE = Automatic;
				CURRENT_PROJECT_VERSION = 1;
				DEVELOPMENT_TEAM = Z3D9SGCR2Q;
				GENERATE_INFOPLIST_FILE = YES;
				INFOPLIST_FILE = PPCourse/Info.plist;
				INFOPLIST_KEY_UIApplicationSupportsIndirectInputEvents = YES;
				INFOPLIST_KEY_UILaunchStoryboardName = LaunchScreen;
				INFOPLIST_KEY_UIMainStoryboardFile = Main;
				INFOPLIST_KEY_UISupportedInterfaceOrientations_iPad = "UIInterfaceOrientationPortrait UIInterfaceOrientationPortraitUpsideDown UIInterfaceOrientationLandscapeLeft UIInterfaceOrientationLandscapeRight";
				INFOPLIST_KEY_UISupportedInterfaceOrientations_iPhone = "UIInterfaceOrientationPortrait UIInterfaceOrientationLandscapeLeft UIInterfaceOrientationLandscapeRight";
				IPHONEOS_DEPLOYMENT_TARGET = 14.3;
				LD_RUNPATH_SEARCH_PATHS = (
					"$(inherited)",
					"@executable_path/Frameworks",
				);
				MARKETING_VERSION = 1.0;
				PRODUCT_BUNDLE_IDENTIFIER = com.ray.PPCourse;
				PRODUCT_NAME = "$(TARGET_NAME)";
				PROVISIONING_PROFILE_SPECIFIER = "";
				SWIFT_EMIT_LOC_STRINGS = YES;
				SWIFT_VERSION = 5.0;
				TARGETED_DEVICE_FAMILY = "1,2";
			};
			name = Release;
		};
/* End XCBuildConfiguration section */

/* Begin XCConfigurationList section */
		71F052B32C2C6E4000B8285F /* Build configuration list for PBXProject "PPCourse" */ = {
			isa = XCConfigurationList;
			buildConfigurations = (
				71F052CA2C2C6E4100B8285F /* Debug */,
				71F052CB2C2C6E4100B8285F /* Release */,
			);
			defaultConfigurationIsVisible = 0;
			defaultConfigurationName = Release;
		};
		71F052CC2C2C6E4100B8285F /* Build configuration list for PBXNativeTarget "PPCourse" */ = {
			isa = XCConfigurationList;
			buildConfigurations = (
				71F052CD2C2C6E4100B8285F /* Debug */,
				71F052CE2C2C6E4100B8285F /* Release */,
			);
			defaultConfigurationIsVisible = 0;
			defaultConfigurationName = Release;
		};
/* End XCConfigurationList section */
	};
	rootObject = 71F052B02C2C6E4000B8285F /* Project object */;
}
